
Microsoft Visual Studio Solution File, Format Version 12.00
# Visual Studio Version 17
VisualStudioVersion = 17.0.31903.59
MinimumVisualStudioVersion = 10.0.40219.1
Project("{2150E333-8FDC-42A3-9474-1A3956D46DE8}") = "task-tracker-api", "task-tracker-api", "{41767C1E-388F-34AF-0AAB-A2F1C83F503E}"
EndProject
Project("{FAE04EC0-301F-11D3-BF4B-00C04F79EFBC}") = "TaskTracker.Api", "task-tracker-api\TaskTracker.Api\TaskTracker.Api.csproj", "{4215A1BA-5B61-4924-BFF1-E3B60EBACDF5}"
EndProject
Project("{2150E333-8FDC-42A3-9474-1A3956D46DE8}") = "tests", "tests", "{FC7C7E77-1F7F-6F78-D768-5C36A0F3587A}"
EndProject
Project("{FAE04EC0-301F-11D3-BF4B-00C04F79EFBC}") = "TaskTracker.Api.Tests", "task-tracker-api\tests\TaskTracker.Api.Tests\TaskTracker.Api.Tests.csproj", "{87AC2A60-5BF7-4B0E-A968-665A9E37668E}"
EndProject
Global
	GlobalSection(SolutionConfigurationPlatforms) = preSolution
		Debug|Any CPU = Debug|Any CPU
		Debug|x64 = Debug|x64
		Debug|x86 = Debug|x86
		Release|Any CPU = Release|Any CPU
		Release|x64 = Release|x64
		Release|x86 = Release|x86
	EndGlobalSection
	GlobalSection(ProjectConfigurationPlatforms) = postSolution
		{4215A1BA-5B61-4924-BFF1-E3B60EBACDF5}.Debug|Any CPU.ActiveCfg = Debug|Any CPU
		{4215A1BA-5B61-4924-BFF1-E3B60EBACDF5}.Debug|Any CPU.Build.0 = Debug|Any CPU
		{4215A1BA-5B61-4924-BFF1-E3B60EBACDF5}.Debug|x64.ActiveCfg = Debug|Any CPU
		{4215A1BA-5B61-4924-BFF1-E3B60EBACDF5}.Debug|x64.Build.0 = Debug|Any CPU
		{4215A1BA-5B61-4924-BFF1-E3B60EBACDF5}.Debug|x86.ActiveCfg = Debug|Any CPU
		{4215A1BA-5B61-4924-BFF1-E3B60EBACDF5}.Debug|x86.Build.0 = Debug|Any CPU
		{4215A1BA-5B61-4924-BFF1-E3B60EBACDF5}.Release|Any CPU.ActiveCfg = Release|Any CPU
		{4215A1BA-5B61-4924-BFF1-E3B60EBACDF5}.Release|Any CPU.Build.0 = Release|Any CPU
		{4215A1BA-5B61-4924-BFF1-E3B60EBACDF5}.Release|x64.ActiveCfg = Release|Any CPU
		{4215A1BA-5B61-4924-BFF1-E3B60EBACDF5}.Release|x64.Build.0 = Release|Any CPU
		{4215A1BA-5B61-4924-BFF1-E3B60EBACDF5}.Release|x86.ActiveCfg = Release|Any CPU
		{4215A1BA-5B61-4924-BFF1-E3B60EBACDF5}.Release|x86.Build.0 = Release|Any CPU
		{87AC2A60-5BF7-4B0E-A968-665A9E37668E}.Debug|Any CPU.ActiveCfg = Debug|Any CPU
		{87AC2A60-5BF7-4B0E-A968-665A9E37668E}.Debug|Any CPU.Build.0 = Debug|Any CPU
		{87AC2A60-5BF7-4B0E-A968-665A9E37668E}.Debug|x64.ActiveCfg = Debug|Any CPU
		{87AC2A60-5BF7-4B0E-A968-665A9E37668E}.Debug|x64.Build.0 = Debug|Any CPU
		{87AC2A60-5BF7-4B0E-A968-665A9E37668E}.Debug|x86.ActiveCfg = Debug|Any CPU
		{87AC2A60-5BF7-4B0E-A968-665A9E37668E}.Debug|x86.Build.0 = Debug|Any CPU
		{87AC2A60-5BF7-4B0E-A968-665A9E37668E}.Release|Any CPU.ActiveCfg = Release|Any CPU
		{87AC2A60-5BF7-4B0E-A968-665A9E37668E}.Release|Any CPU.Build.0 = Release|Any CPU
		{87AC2A60-5BF7-4B0E-A968-665A9E37668E}.Release|x64.ActiveCfg = Release|Any CPU
		{87AC2A60-5BF7-4B0E-A968-665A9E37668E}.Release|x64.Build.0 = Release|Any CPU
		{87AC2A60-5BF7-4B0E-A968-665A9E37668E}.Release|x86.ActiveCfg = Release|Any CPU
		{87AC2A60-5BF7-4B0E-A968-665A9E37668E}.Release|x86.Build.0 = Release|Any CPU
	EndGlobalSection
	GlobalSection(SolutionProperties) = preSolution
		HideSolutionNode = FALSE
	EndGlobalSection
	GlobalSection(NestedProjects) = preSolution
		{4215A1BA-5B61-4924-BFF1-E3B60EBACDF5} = {41767C1E-388F-34AF-0AAB-A2F1C83F503E}
		{FC7C7E77-1F7F-6F78-D768-5C36A0F3587A} = {41767C1E-388F-34AF-0AAB-A2F1C83F503E}
		{87AC2A60-5BF7-4B0E-A968-665A9E37668E} = {FC7C7E77-1F7F-6F78-D768-5C36A0F3587A}
	EndGlobalSection
EndGlobal
